lockfileVersion: '9.0'

settings:
  autoInstallPeers: true
  excludeLinksFromLockfile: false

importers:

  .:
    devDependencies:
      '@clack/prompts':
        specifier: ^1.0.0
        version: 1.0.0
      '@tsconfig/node20':
        specifier: ^20.1.8
        version: 20.1.8
      '@tsconfig/strictest':
        specifier: ^2.0.8
        version: 2.0.8
      '@types/node':
        specifier: ^20.14.8
        version: 20.19.30
      esbuild:
        specifier: ^0.27.3
        version: 0.27.3
      execa:
        specifier: ^9.6.1
        version: 9.6.1
      picocolors:
        specifier: ^1.1.1
        version: 1.1.1
      prettier:
        specifier: 3.8.1
        version: 3.8.1
      semver:
        specifier: ^7.7.3
        version: 7.7.3
      typescript:
        specifier: ^5.9.3
        version: 5.9.3

packages:

  '@clack/core@1.0.0':
    resolution: {integrity: sha512-Orf9Ltr5NeiEuVJS8Rk2XTw3IxNC2Bic3ash7GgYeA8LJ/zmSNpSQ/m5UAhe03lA6KFgklzZ5KTHs4OAMA/SAQ==}

  '@clack/prompts@1.0.0':
    resolution: {integrity: sha512-rWPXg9UaCFqErJVQ+MecOaWsozjaxol4yjnmYcGNipAWzdaWa2x+VJmKfGq7L0APwBohQOYdHC+9RO4qRXej+A==}

  '@esbuild/aix-ppc64@0.27.3':
    resolution: {integrity: sha512-9fJMTNFTWZMh5qwrBItuziu834eOCUcEqymSH7pY+zoMVEZg3gcPuBNxH1EvfVYe9h0x/Ptw8KBzv7qxb7l8dg==}
    engines: {node: '>=18'}
    cpu: [ppc64]
    os: [aix]

  '@esbuild/android-arm64@0.27.3':
    resolution: {integrity: sha512-YdghPYUmj/FX2SYKJ0OZxf+iaKgMsKHVPF1MAq/P8WirnSpCStzKJFjOjzsW0QQ7oIAiccHdcqjbHmJxRb/dmg==}
    engines: {node: '>=18'}
    cpu: [arm64]
    os: [android]

  '@esbuild/android-arm@0.27.3':
    resolution: {integrity: sha512-i5D1hPY7GIQmXlXhs2w8AWHhenb00+GxjxRncS2ZM7YNVGNfaMxgzSGuO8o8SJzRc/oZwU2bcScvVERk03QhzA==}
    engines: {node: '>=18'}
    cpu: [arm]
    os: [android]

  '@esbuild/android-x64@0.27.3':
    resolution: {integrity: sha512-IN/0BNTkHtk8lkOM8JWAYFg4ORxBkZQf9zXiEOfERX/CzxW3Vg1ewAhU7QSWQpVIzTW+b8Xy+lGzdYXV6UZObQ==}
    engines: {node: '>=18'}
    cpu: [x64]
    os: [android]

  '@esbuild/darwin-arm64@0.27.3':
    resolution: {integrity: sha512-Re491k7ByTVRy0t3EKWajdLIr0gz2kKKfzafkth4Q8A5n1xTHrkqZgLLjFEHVD+AXdUGgQMq+Godfq45mGpCKg==}
    engines: {node: '>=18'}
    cpu: [arm64]
    os: [darwin]

  '@esbuild/darwin-x64@0.27.3':
    resolution: {integrity: sha512-vHk/hA7/1AckjGzRqi6wbo+jaShzRowYip6rt6q7VYEDX4LEy1pZfDpdxCBnGtl+A5zq8iXDcyuxwtv3hNtHFg==}
    engines: {node: '>=18'}
    cpu: [x64]
    os: [darwin]

  '@esbuild/freebsd-arm64@0.27.3':
    resolution: {integrity: sha512-ipTYM2fjt3kQAYOvo6vcxJx3nBYAzPjgTCk7QEgZG8AUO3ydUhvelmhrbOheMnGOlaSFUoHXB6un+A7q4ygY9w==}
    engines: {node: '>=18'}
    cpu: [arm64]
    os: [freebsd]

  '@esbuild/freebsd-x64@0.27.3':
    resolution: {integrity: sha512-dDk0X87T7mI6U3K9VjWtHOXqwAMJBNN2r7bejDsc+j03SEjtD9HrOl8gVFByeM0aJksoUuUVU9TBaZa2rgj0oA==}
    engines: {node: '>=18'}
    cpu: [x64]
    os: [freebsd]

  '@esbuild/linux-arm64@0.27.3':
    resolution: {integrity: sha512-sZOuFz/xWnZ4KH3YfFrKCf1WyPZHakVzTiqji3WDc0BCl2kBwiJLCXpzLzUBLgmp4veFZdvN5ChW4Eq/8Fc2Fg==}
    engines: {node: '>=18'}
    cpu: [arm64]
    os: [linux]

  '@esbuild/linux-arm@0.27.3':
    resolution: {integrity: sha512-s6nPv2QkSupJwLYyfS+gwdirm0ukyTFNl3KTgZEAiJDd+iHZcbTPPcWCcRYH+WlNbwChgH2QkE9NSlNrMT8Gfw==}
    engines: {node: '>=18'}
    cpu: [arm]
    os: [linux]

  '@esbuild/linux-ia32@0.27.3':
    resolution: {integrity: sha512-yGlQYjdxtLdh0a3jHjuwOrxQjOZYD/C9PfdbgJJF3TIZWnm/tMd/RcNiLngiu4iwcBAOezdnSLAwQDPqTmtTYg==}
    engines: {node: '>=18'}
    cpu: [ia32]
    os: [linux]

  '@esbuild/linux-loong64@0.27.3':
    resolution: {integrity: sha512-WO60Sn8ly3gtzhyjATDgieJNet/KqsDlX5nRC5Y3oTFcS1l0KWba+SEa9Ja1GfDqSF1z6hif/SkpQJbL63cgOA==}
    engines: {node: '>=18'}
    cpu: [loong64]
    os: [linux]

  '@esbuild/linux-mips64el@0.27.3':
    resolution: {integrity: sha512-APsymYA6sGcZ4pD6k+UxbDjOFSvPWyZhjaiPyl/f79xKxwTnrn5QUnXR5prvetuaSMsb4jgeHewIDCIWljrSxw==}
    engines: {node: '>=18'}
    cpu: [mips64el]
    os: [linux]

  '@esbuild/linux-ppc64@0.27.3':
    resolution: {integrity: sha512-eizBnTeBefojtDb9nSh4vvVQ3V9Qf9Df01PfawPcRzJH4gFSgrObw+LveUyDoKU3kxi5+9RJTCWlj4FjYXVPEA==}
    engines: {node: '>=18'}
    cpu: [ppc64]
    os: [linux]

  '@esbuild/linux-riscv64@0.27.3':
    resolution: {integrity: sha512-3Emwh0r5wmfm3ssTWRQSyVhbOHvqegUDRd0WhmXKX2mkHJe1SFCMJhagUleMq+Uci34wLSipf8Lagt4LlpRFWQ==}
    engines: {node: '>=18'}
    cpu: [riscv64]
    os: [linux]

  '@esbuild/linux-s390x@0.27.3':
    resolution: {integrity: sha512-pBHUx9LzXWBc7MFIEEL0yD/ZVtNgLytvx60gES28GcWMqil8ElCYR4kvbV2BDqsHOvVDRrOxGySBM9Fcv744hw==}
    engines: {node: '>=18'}
    cpu: [s390x]
    os: [linux]

  '@esbuild/linux-x64@0.27.3':
    resolution: {integrity: sha512-Czi8yzXUWIQYAtL/2y6vogER8pvcsOsk5cpwL4Gk5nJqH5UZiVByIY8Eorm5R13gq+DQKYg0+JyQoytLQas4dA==}
    engines: {node: '>=18'}
    cpu: [x64]
    os: [linux]

  '@esbuild/netbsd-arm64@0.27.3':
    resolution: {integrity: sha512-sDpk0RgmTCR/5HguIZa9n9u+HVKf40fbEUt+iTzSnCaGvY9kFP0YKBWZtJaraonFnqef5SlJ8/TiPAxzyS+UoA==}
    engines: {node: '>=18'}
    cpu: [arm64]
    os: [netbsd]

  '@esbuild/netbsd-x64@0.27.3':
    resolution: {integrity: sha512-P14lFKJl/DdaE00LItAukUdZO5iqNH7+PjoBm+fLQjtxfcfFE20Xf5CrLsmZdq5LFFZzb5JMZ9grUwvtVYzjiA==}
    engines: {node: '>=18'}
    cpu: [x64]
    os: [netbsd]

  '@esbuild/openbsd-arm64@0.27.3':
    resolution: {integrity: sha512-AIcMP77AvirGbRl/UZFTq5hjXK+2wC7qFRGoHSDrZ5v5b8DK/GYpXW3CPRL53NkvDqb9D+alBiC/dV0Fb7eJcw==}
    engines: {node: '>=18'}
    cpu: [arm64]
    os: [openbsd]

  '@esbuild/openbsd-x64@0.27.3':
    resolution: {integrity: sha512-DnW2sRrBzA+YnE70LKqnM3P+z8vehfJWHXECbwBmH/CU51z6FiqTQTHFenPlHmo3a8UgpLyH3PT+87OViOh1AQ==}
    engines: {node: '>=18'}
    cpu: [x64]
    os: [openbsd]

  '@esbuild/openharmony-arm64@0.27.3':
    resolution: {integrity: sha512-NinAEgr/etERPTsZJ7aEZQvvg/A6IsZG/LgZy+81wON2huV7SrK3e63dU0XhyZP4RKGyTm7aOgmQk0bGp0fy2g==}
    engines: {node: '>=18'}
    cpu: [arm64]
    os: [openharmony]

  '@esbuild/sunos-x64@0.27.3':
    resolution: {integrity: sha512-PanZ+nEz+eWoBJ8/f8HKxTTD172SKwdXebZ0ndd953gt1HRBbhMsaNqjTyYLGLPdoWHy4zLU7bDVJztF5f3BHA==}
    engines: {node: '>=18'}
    cpu: [x64]
    os: [sunos]

  '@esbuild/win32-arm64@0.27.3':
    resolution: {integrity: sha512-B2t59lWWYrbRDw/tjiWOuzSsFh1Y/E95ofKz7rIVYSQkUYBjfSgf6oeYPNWHToFRr2zx52JKApIcAS/D5TUBnA==}
    engines: {node: '>=18'}
    cpu: [arm64]
    os: [win32]

  '@esbuild/win32-ia32@0.27.3':
    resolution: {integrity: sha512-QLKSFeXNS8+tHW7tZpMtjlNb7HKau0QDpwm49u0vUp9y1WOF+PEzkU84y9GqYaAVW8aH8f3GcBck26jh54cX4Q==}
    engines: {node: '>=18'}
    cpu: [ia32]
    os: [win32]

  '@esbuild/win32-x64@0.27.3':
    resolution: {integrity: sha512-4uJGhsxuptu3OcpVAzli+/gWusVGwZZHTlS63hh++ehExkVT8SgiEf7/uC/PclrPPkLhZqGgCTjd0VWLo6xMqA==}
    engines: {node: '>=18'}
    cpu: [x64]
    os: [win32]

  '@sec-ant/readable-stream@0.4.1':
    resolution: {integrity: sha512-831qok9r2t8AlxLko40y2ebgSDhenenCatLVeW/uBtnHPyhHOvG0C7TvfgecV+wHzIm5KUICgzmVpWS+IMEAeg==}

  '@sindresorhus/merge-streams@4.0.0':
    resolution: {integrity: sha512-tlqY9xq5ukxTUZBmoOp+m61cqwQD5pHJtFY3Mn8CA8ps6yghLH/Hw8UPdqg4OLmFW3IFlcXnQNmo/dh8HzXYIQ==}
    engines: {node: '>=18'}

  '@tsconfig/node20@20.1.8':
    resolution: {integrity: sha512-Em+IdPfByIzWRRpqWL4Z7ArLHZGxmc36BxE3jCz9nBFSm+5aLaPMZyjwu4yetvyKXeogWcxik4L1jB5JTWfw7A==}

  '@tsconfig/strictest@2.0.8':
    resolution: {integrity: sha512-XnQ7vNz5HRN0r88GYf1J9JJjqtZPiHt2woGJOo2dYqyHGGcd6OLGqSlBB6p1j9mpzja6Oe5BoPqWmeDx6X9rLw==}

  '@types/node@20.19.30':
    resolution: {integrity: sha512-WJtwWJu7UdlvzEAUm484QNg5eAoq5QR08KDNx7g45Usrs2NtOPiX8ugDqmKdXkyL03rBqU5dYNYVQetEpBHq2g==}

  cross-spawn@7.0.6:
    resolution: {integrity: sha512-uV2QOWP2nWzsy2aMp8aRibhi9dlzF5Hgh5SHaB9OiTGEyDTiJJyx0uy51QXdyWbtAHNua4XJzUKca3OzKUd3vA==}
    engines: {node: '>= 8'}

  esbuild@0.27.3:
    resolution: {integrity: sha512-8VwMnyGCONIs6cWue2IdpHxHnAjzxnw2Zr7MkVxB2vjmQ2ivqGFb4LEG3SMnv0Gb2F/G/2yA8zUaiL1gywDCCg==}
    engines: {node: '>=18'}
    hasBin: true

  execa@9.6.1:
    resolution: {integrity: sha512-9Be3ZoN4LmYR90tUoVu2te2BsbzHfhJyfEiAVfz7N5/zv+jduIfLrV2xdQXOHbaD6KgpGdO9PRPM1Y4Q9QkPkA==}
    engines: {node: ^18.19.0 || >=20.5.0}

  figures@6.1.0:
    resolution: {integrity: sha512-d+l3qxjSesT4V7v2fh+QnmFnUWv9lSpjarhShNTgBOfA0ttejbQUAlHLitbjkoRiDulW0OPoQPYIGhIC8ohejg==}
    engines: {node: '>=18'}

  get-stream@9.0.1:
    resolution: {integrity: sha512-kVCxPF3vQM/N0B1PmoqVUqgHP+EeVjmZSQn+1oCRPxd2P21P2F19lIgbR3HBosbB1PUhOAoctJnfEn2GbN2eZA==}
    engines: {node: '>=18'}

  human-signals@8.0.1:
    resolution: {integrity: sha512-eKCa6bwnJhvxj14kZk5NCPc6Hb6BdsU9DZcOnmQKSnO1VKrfV0zCvtttPZUsBvjmNDn8rpcJfpwSYnHBjc95MQ==}
    engines: {node: '>=18.18.0'}

  is-plain-obj@4.1.0:
    resolution: {integrity: sha512-+Pgi+vMuUNkJyExiMBt5IlFoMyKnr5zhJ4Uspz58WOhBF5QoIZkFyNHIbBAtHwzVAgk5RtndVNsDRN61/mmDqg==}
    engines: {node: '>=12'}

  is-stream@4.0.1:
    resolution: {integrity: sha512-Dnz92NInDqYckGEUJv689RbRiTSEHCQ7wOVeALbkOz999YpqT46yMRIGtSNl2iCL1waAZSx40+h59NV/EwzV/A==}
    engines: {node: '>=18'}

  is-unicode-supported@2.1.0:
    resolution: {integrity: sha512-mE00Gnza5EEB3Ds0HfMyllZzbBrmLOX3vfWoj9A9PEnTfratQ/BcaJOuMhnkhjXvb2+FkY3VuHqtAGpTPmglFQ==}
    engines: {node: '>=18'}

  isexe@2.0.0:
    resolution: {integrity: sha512-RHxMLp9lnKHGHRng9QFhRCMbYAcVpn69smSGcq3f36xjgVVWThj4qqLbTLlq7Ssj8B+fIQ1EuCEGI2lKsyQeIw==}

  npm-run-path@6.0.0:
    resolution: {integrity: sha512-9qny7Z9DsQU8Ou39ERsPU4OZQlSTP47ShQzuKZ6PRXpYLtIFgl/DEBYEXKlvcEa+9tHVcK8CF81Y2V72qaZhWA==}
    engines: {node: '>=18'}

  parse-ms@4.0.0:
    resolution: {integrity: sha512-TXfryirbmq34y8QBwgqCVLi+8oA3oWx2eAnSn62ITyEhEYaWRlVZ2DvMM9eZbMs/RfxPu/PK/aBLyGj4IrqMHw==}
    engines: {node: '>=18'}

  path-key@3.1.1:
    resolution: {integrity: sha512-ojmeN0qd+y0jszEtoY48r0Peq5dwMEkIlCOu6Q5f41lfkswXuKtYrhgoTpLnyIcHm24Uhqx+5Tqm2InSwLhE6Q==}
    engines: {node: '>=8'}

  path-key@4.0.0:
    resolution: {integrity: sha512-haREypq7xkM7ErfgIyA0z+Bj4AGKlMSdlQE2jvJo6huWD1EdkKYV+G/T4nq0YEF2vgTT8kqMFKo1uHn950r4SQ==}
    engines: {node: '>=12'}

  picocolors@1.1.1:
    resolution: {integrity: sha512-xceH2snhtb5M9liqDsmEw56le376mTZkEX/jEb/RxNFyegNul7eNslCXP9FDj/Lcu0X8KEyMceP2ntpaHrDEVA==}

  prettier@3.8.1:
    resolution: {integrity: sha512-UOnG6LftzbdaHZcKoPFtOcCKztrQ57WkHDeRD9t/PTQtmT0NHSeWWepj6pS0z/N7+08BHFDQVUrfmfMRcZwbMg==}
    engines: {node: '>=14'}
    hasBin: true

  pretty-ms@9.3.0:
    resolution: {integrity: sha512-gjVS5hOP+M3wMm5nmNOucbIrqudzs9v/57bWRHQWLYklXqoXKrVfYW2W9+glfGsqtPgpiz5WwyEEB+ksXIx3gQ==}
    engines: {node: '>=18'}

  semver@7.7.3:
    resolution: {integrity: sha512-SdsKMrI9TdgjdweUSR9MweHA4EJ8YxHn8DFaDisvhVlUOe4BF1tLD7GAj0lIqWVl+dPb/rExr0Btby5loQm20Q==}
    engines: {node: '>=10'}
    hasBin: true

  shebang-command@2.0.0:
    resolution: {integrity: sha512-kHxr2zZpYtdmrN1qDjrrX/Z1rR1kG8Dx+gkpK1G4eXmvXswmcE1hTWBWYUzlraYw1/yZp6YuDY77YtvbN0dmDA==}
    engines: {node: '>=8'}

  shebang-regex@3.0.0:
    resolution: {integrity: sha512-7++dFhtcx3353uBaq8DDR4NuxBetBzC7ZQOhmTQInHEd6bSrXdiEyzCvG07Z44UYdLShWUyXt5M/yhz8ekcb1A==}
    engines: {node: '>=8'}

  signal-exit@4.1.0:
    resolution: {integrity: sha512-bzyZ1e88w9O1iNJbKnOlvYTrWPDl46O1bG0D3XInv+9tkPrxrN8jUUTiFlDkkmKWgn1M6CfIA13SuGqOa9Korw==}
    engines: {node: '>=14'}

  sisteransi@1.0.5:
    resolution: {integrity: sha512-bLGGlR1QxBcynn2d5YmDX4MGjlZvy2MRBDRNHLJ8VI6l6+9FUiyTFNJ0IveOSP0bcXgVDPRcfGqA0pjaqUpfVg==}

  strip-final-newline@4.0.0:
    resolution: {integrity: sha512-aulFJcD6YK8V1G7iRB5tigAP4TsHBZZrOV8pjV++zdUwmeV8uzbY7yn6h9MswN62adStNZFuCIx4haBnRuMDaw==}
    engines: {node: '>=18'}

  typescript@5.9.3:
    resolution: {integrity: sha512-jl1vZzPDinLr9eUt3J/t7V6FgNEw9QjvBPdysz9KfQDD41fQrC2Y4vKQdiaUpFT4bXlb1RHhLpp8wtm6M5TgSw==}
    engines: {node: '>=14.17'}
    hasBin: true

  undici-types@6.21.0:
    resolution: {integrity: sha512-iwDZqg0QAGrg9Rav5H4n0M64c3mkR59cJ6wQp+7C4nI0gsmExaedaYLNO44eT4AtBBwjbTiGPMlt2Md0T9H9JQ==}

  unicorn-magic@0.3.0:
    resolution: {integrity: sha512-+QBBXBCvifc56fsbuxZQ6Sic3wqqc3WWaqxs58gvJrcOuN83HGTCwz3oS5phzU9LthRNE9VrJCFCLUgHeeFnfA==}
    engines: {node: '>=18'}

  which@2.0.2:
    resolution: {integrity: sha512-BLI3Tl1TW3Pvl70l3yq3Y64i+awpwXqsGBYWkkqMtnbXgrMD+yj7rhW0kuEDxzJaYXGjEW5ogapKNMEKNMjibA==}
    engines: {node: '>= 8'}
    hasBin: true

  yoctocolors@2.1.2:
    resolution: {integrity: sha512-CzhO+pFNo8ajLM2d2IW/R93ipy99LWjtwblvC1RsoSUMZgyLbYFr221TnSNT7GjGdYui6P459mw9JH/g/zW2ug==}
    engines: {node: '>=18'}

snapshots:

  '@clack/core@1.0.0':
    dependencies:
      picocolors: 1.1.1
      sisteransi: 1.0.5

  '@clack/prompts@1.0.0':
    dependencies:
      '@clack/core': 1.0.0
      picocolors: 1.1.1
      sisteransi: 1.0.5

  '@esbuild/aix-ppc64@0.27.3':
    optional: true

  '@esbuild/android-arm64@0.27.3':
    optional: true

  '@esbuild/android-arm@0.27.3':
    optional: true

  '@esbuild/android-x64@0.27.3':
    optional: true

  '@esbuild/darwin-arm64@0.27.3':
    optional: true

  '@esbuild/darwin-x64@0.27.3':
    optional: true

  '@esbuild/freebsd-arm64@0.27.3':
    optional: true

  '@esbuild/freebsd-x64@0.27.3':
    optional: true

  '@esbuild/linux-arm64@0.27.3':
    optional: true

  '@esbuild/linux-arm@0.27.3':
    optional: true

  '@esbuild/linux-ia32@0.27.3':
    optional: true

  '@esbuild/linux-loong64@0.27.3':
    optional: true

  '@esbuild/linux-mips64el@0.27.3':
    optional: true

  '@esbuild/linux-ppc64@0.27.3':
    optional: true

  '@esbuild/linux-riscv64@0.27.3':
    optional: true

  '@esbuild/linux-s390x@0.27.3':
    optional: true

  '@esbuild/linux-x64@0.27.3':
    optional: true

  '@esbuild/netbsd-arm64@0.27.3':
    optional: true

  '@esbuild/netbsd-x64@0.27.3':
    optional: true

  '@esbuild/openbsd-arm64@0.27.3':
    optional: true

  '@esbuild/openbsd-x64@0.27.3':
    optional: true

  '@esbuild/openharmony-arm64@0.27.3':
    optional: true

  '@esbuild/sunos-x64@0.27.3':
    optional: true

  '@esbuild/win32-arm64@0.27.3':
    optional: true

  '@esbuild/win32-ia32@0.27.3':
    optional: true

  '@esbuild/win32-x64@0.27.3':
    optional: true

  '@sec-ant/readable-stream@0.4.1': {}

  '@sindresorhus/merge-streams@4.0.0': {}

  '@tsconfig/node20@20.1.8': {}

  '@tsconfig/strictest@2.0.8': {}

  '@types/node@20.19.30':
    dependencies:
      undici-types: 6.21.0

  cross-spawn@7.0.6:
    dependencies:
      path-key: 3.1.1
      shebang-command: 2.0.0
      which: 2.0.2

  esbuild@0.27.3:
    optionalDependencies:
      '@esbuild/aix-ppc64': 0.27.3
      '@esbuild/android-arm': 0.27.3
      '@esbuild/android-arm64': 0.27.3
      '@esbuild/android-x64': 0.27.3
      '@esbuild/darwin-arm64': 0.27.3
      '@esbuild/darwin-x64': 0.27.3
      '@esbuild/freebsd-arm64': 0.27.3
      '@esbuild/freebsd-x64': 0.27.3
      '@esbuild/linux-arm': 0.27.3
      '@esbuild/linux-arm64': 0.27.3
      '@esbuild/linux-ia32': 0.27.3
      '@esbuild/linux-loong64': 0.27.3
      '@esbuild/linux-mips64el': 0.27.3
      '@esbuild/linux-ppc64': 0.27.3
      '@esbuild/linux-riscv64': 0.27.3
      '@esbuild/linux-s390x': 0.27.3
      '@esbuild/linux-x64': 0.27.3
      '@esbuild/netbsd-arm64': 0.27.3
      '@esbuild/netbsd-x64': 0.27.3
      '@esbuild/openbsd-arm64': 0.27.3
      '@esbuild/openbsd-x64': 0.27.3
      '@esbuild/openharmony-arm64': 0.27.3
      '@esbuild/sunos-x64': 0.27.3
      '@esbuild/win32-arm64': 0.27.3
      '@esbuild/win32-ia32': 0.27.3
      '@esbuild/win32-x64': 0.27.3

  execa@9.6.1:
    dependencies:
      '@sindresorhus/merge-streams': 4.0.0
      cross-spawn: 7.0.6
      figures: 6.1.0
      get-stream: 9.0.1
      human-signals: 8.0.1
      is-plain-obj: 4.1.0
      is-stream: 4.0.1
      npm-run-path: 6.0.0
      pretty-ms: 9.3.0
      signal-exit: 4.1.0
      strip-final-newline: 4.0.0
      yoctocolors: 2.1.2

  figures@6.1.0:
    dependencies:
      is-unicode-supported: 2.1.0

  get-stream@9.0.1:
    dependencies:
      '@sec-ant/readable-stream': 0.4.1
      is-stream: 4.0.1

  human-signals@8.0.1: {}

  is-plain-obj@4.1.0: {}

  is-stream@4.0.1: {}

  is-unicode-supported@2.1.0: {}

  isexe@2.0.0: {}

  npm-run-path@6.0.0:
    dependencies:
      path-key: 4.0.0
      unicorn-magic: 0.3.0

  parse-ms@4.0.0: {}

  path-key@3.1.1: {}

  path-key@4.0.0: {}

  picocolors@1.1.1: {}

  prettier@3.8.1: {}

  pretty-ms@9.3.0:
    dependencies:
      parse-ms: 4.0.0

  semver@7.7.3: {}

  shebang-command@2.0.0:
    dependencies:
      shebang-regex: 3.0.0

  shebang-regex@3.0.0: {}

  signal-exit@4.1.0: {}

  sisteransi@1.0.5: {}

  strip-final-newline@4.0.0: {}

  typescript@5.9.3: {}

  undici-types@6.21.0: {}

  unicorn-magic@0.3.0: {}

  which@2.0.2:
    dependencies:
      isexe: 2.0.0

  yoctocolors@2.1.2: {}
